{
  "name": "funlit",
  "version": "0.0.1-alpha.2",
  "lockfileVersion": 3,
  "requires": true,
  "packages": {
    "": {
      "name": "funlit",
      "version": "0.0.1-alpha.2",
      "license": "MIT",
      "dependencies": {
        "lit-html": "^3.1.1"
      }
    },
    "node_modules/@types/trusted-types": {
      "version": "2.0.7",
      "resolved": "https://registry.npmjs.org/@types/trusted-types/-/trusted-types-2.0.7.tgz",
      "integrity": "sha512-ScaPdn1dQczgbl0QFTeTOmVHFULt394XJgOQNoyVhZ6r2vLnMLJfBPd53SB52T/3G36VI1/g2MZaX0cwDuXsfw=="
    },
    "node_modules/lit-html": {
      "version": "3.1.1",
      "resolved": "https://registry.npmjs.org/lit-html/-/lit-html-3.1.1.tgz",
      "integrity": "sha512-x/EwfGk2D/f4odSFM40hcGumzqoKv0/SUh6fBO+1Ragez81APrcAMPo1jIrCDd9Sn+Z4CT867HWKViByvkDZUA==",
      "dependencies": {
        "@types/trusted-types": "^2.0.2"
      }
    }
  }
}
